// !$*UTF8*$!
{
	archiveVersion = 1;
	classes = {
	};
	objectVersion = 56;
	objects = {

/* Begin PBXBuildFile section */
		0B71A00529E074F9004C76E5 /* LoadingBtnView.swift in Sources */ = {isa = PBXBuildFile; fileRef = 0B71A00429E074F9004C76E5 /* LoadingBtnView.swift */; };
		0B71A00729E09220004C76E5 /* UserAPITokenView.swift in Sources */ = {isa = PBXBuildFile; fileRef = 0B71A00629E09220004C76E5 /* UserAPITokenView.swift */; };
		0B71A00929E0ADDB004C76E5 /* MenuItemView.swift in Sources */ = {isa = PBXBuildFile; fileRef = 0B71A00829E0ADDB004C76E5 /* MenuItemView.swift */; };
		0BDAEA8629B815E600A33F3C /* chatgptAppApp.swift in Sources */ = {isa = PBXBuildFile; fileRef = 0BDAEA8529B815E600A33F3C /* chatgptAppApp.swift */; };
		0BDAEA8829B815E600A33F3C /* ContentView.swift in Sources */ = {isa = PBXBuildFile; fileRef = 0BDAEA8729B815E600A33F3C /* ContentView.swift */; };
		0BDAEA8A29B815E800A33F3C /* Assets.xcassets in Resources */ = {isa = PBXBuildFile; fileRef = 0BDAEA8929B815E800A33F3C /* Assets.xcassets */; };
		0BDAEA8D29B815E800A33F3C /* Preview Assets.xcassets in Resources */ = {isa = PBXBuildFile; fileRef = 0BDAEA8C29B815E800A33F3C /* Preview Assets.xcassets */; };
		0BDAEA9729B815E900A33F3C /* chatgptAppTests.swift in Sources */ = {isa = PBXBuildFile; fileRef = 0BDAEA9629B815E900A33F3C /* chatgptAppTests.swift */; };
		0BDAEAA129B815E900A33F3C /* chatgptAppUITests.swift in Sources */ = {isa = PBXBuildFile; fileRef = 0BDAEAA029B815E900A33F3C /* chatgptAppUITests.swift */; };
		0BDAEAA329B815E900A33F3C /* chatgptAppUITestsLaunchTests.swift in Sources */ = {isa = PBXBuildFile; fileRef = 0BDAEAA229B815E900A33F3C /* chatgptAppUITestsLaunchTests.swift */; };
		0BDAEAD129CF809000A33F3C /* TitleView.swift in Sources */ = {isa = PBXBuildFile; fileRef = 0BDAEAD029CF809000A33F3C /* TitleView.swift */; };
		0BDAEAD529CF867400A33F3C /* MessageView.swift in Sources */ = {isa = PBXBuildFile; fileRef = 0BDAEAD429CF867400A33F3C /* MessageView.swift */; };
		0BDAEAD729CF9EF900A33F3C /* ConversationView.swift in Sources */ = {isa = PBXBuildFile; fileRef = 0BDAEAD629CF9EF900A33F3C /* ConversationView.swift */; };
		0BDAEAD929CFB6AD00A33F3C /* MenuView.swift in Sources */ = {isa = PBXBuildFile; fileRef = 0BDAEAD829CFB6AD00A33F3C /* MenuView.swift */; };
		0BDAEADB29CFF20100A33F3C /* InputView.swift in Sources */ = {isa = PBXBuildFile; fileRef = 0BDAEADA29CFF20100A33F3C /* InputView.swift */; };
		0BDAEADF29D3390900A33F3C /* chatgptViewMoudle.swift in Sources */ = {isa = PBXBuildFile; fileRef = 0BDAEADE29D3390900A33F3C /* chatgptViewMoudle.swift */; };
		0BDAEAE129D33A7A00A33F3C /* openAIapiStruct.swift in Sources */ = {isa = PBXBuildFile; fileRef = 0BDAEAE029D33A7A00A33F3C /* openAIapiStruct.swift */; };
		DB084C9329C0E4A100BAFD8B /* OpenAIapi.swift in Sources */ = {isa = PBXBuildFile; fileRef = DB084C9229C0E4A100BAFD8B /* OpenAIapi.swift */; };
		DB084C9429C0E4A100BAFD8B /* OpenAIapi.swift in Sources */ = {isa = PBXBuildFile; fileRef = DB084C9229C0E4A100BAFD8B /* OpenAIapi.swift */; };
		DB084C9829C0F7B700BAFD8B /* openAIApiTest.swift in Sources */ = {isa = PBXBuildFile; fileRef = DB084C9729C0F7B700BAFD8B /* openAIApiTest.swift */; };
/* End PBXBuildFile section */

/* Begin PBXContainerItemProxy section */
		0BDAEA9329B815E900A33F3C /* PBXContainerItemProxy */ = {
			isa = PBXContainerItemProxy;
			containerPortal = 0BDAEA7A29B815E600A33F3C /* Project object */;
			proxyType = 1;
			remoteGlobalIDString = 0BDAEA8129B815E600A33F3C;
			remoteInfo = chatgptApp;
		};
		0BDAEA9D29B815E900A33F3C /* PBXContainerItemProxy */ = {
			isa = PBXContainerItemProxy;
			containerPortal = 0BDAEA7A29B815E600A33F3C /* Project object */;
			proxyType = 1;
			remoteGlobalIDString = 0BDAEA8129B815E600A33F3C;
			remoteInfo = chatgptApp;
		};
/* End PBXContainerItemProxy section */

/* Begin PBXFileReference section */
		0B71A00429E074F9004C76E5 /* LoadingBtnView.swift */ = {isa = PBXFileReference; lastKnownFileType = sourcecode.swift; path = LoadingBtnView.swift; sourceTree = "<group>"; };
		0B71A00629E09220004C76E5 /* UserAPITokenView.swift */ = {isa = PBXFileReference; lastKnownFileType = sourcecode.swift; path = UserAPITokenView.swift; sourceTree = "<group>"; };
		0B71A00829E0ADDB004C76E5 /* MenuItemView.swift */ = {isa = PBXFileReference; lastKnownFileType = sourcecode.swift; path = MenuItemView.swift; sourceTree = "<group>"; };
		0BDAEA8229B815E600A33F3C /* chatgptApp.app */ = {isa = PBXFileReference; explicitFileType = wrapper.application; includeInIndex = 0; path = chatgptApp.app; sourceTree = BUILT_PRODUCTS_DIR; };
		0BDAEA8529B815E600A33F3C /* chatgptAppApp.swift */ = {isa = PBXFileReference; lastKnownFileType = sourcecode.swift; path = chatgptAppApp.swift; sourceTree = "<group>"; };
		0BDAEA8729B815E600A33F3C /* ContentView.swift */ = {isa = PBXFileReference; lastKnownFileType = sourcecode.swift; path = ContentView.swift; sourceTree = "<group>"; };
		0BDAEA8929B815E800A33F3C /* Assets.xcassets */ = {isa = PBXFileReference; lastKnownFileType = folder.assetcatalog; path = Assets.xcassets; sourceTree = "<group>"; };
		0BDAEA8C29B815E800A33F3C /* Preview Assets.xcassets */ = {isa = PBXFileReference; lastKnownFileType = folder.assetcatalog; path = "Preview Assets.xcassets"; sourceTree = "<group>"; };
		0BDAEA9229B815E900A33F3C /* chatgptAppTests.xctest */ = {isa = PBXFileReference; explicitFileType = wrapper.cfbundle; includeInIndex = 0; path = chatgptAppTests.xctest; sourceTree = BUILT_PRODUCTS_DIR; };
		0BDAEA9629B815E900A33F3C /* chatgptAppTests.swift */ = {isa = PBXFileReference; lastKnownFileType = sourcecode.swift; path = chatgptAppTests.swift; sourceTree = "<group>"; };
		0BDAEA9C29B815E900A33F3C /* chatgptAppUITests.xctest */ = {isa = PBXFileReference; explicitFileType = wrapper.cfbundle; includeInIndex = 0; path = chatgptAppUITests.xctest; sourceTree = BUILT_PRODUCTS_DIR; };
		0BDAEAA029B815E900A33F3C /* chatgptAppUITests.swift */ = {isa = PBXFileReference; lastKnownFileType = sourcecode.swift; path = chatgptAppUITests.swift; sourceTree = "<group>"; };
		0BDAEAA229B815E900A33F3C /* chatgptAppUITestsLaunchTests.swift */ = {isa = PBXFileReference; lastKnownFileType = sourcecode.swift; path = chatgptAppUITestsLaunchTests.swift; sourceTree = "<group>"; };
		0BDAEAD029CF809000A33F3C /* TitleView.swift */ = {isa = PBXFileReference; lastKnownFileType = sourcecode.swift; path = TitleView.swift; sourceTree = "<group>"; };
		0BDAEAD429CF867400A33F3C /* MessageView.swift */ = {isa = PBXFileReference; lastKnownFileType = sourcecode.swift; path = MessageView.swift; sourceTree = "<group>"; };
		0BDAEAD629CF9EF900A33F3C /* ConversationView.swift */ = {isa = PBXFileReference; lastKnownFileType = sourcecode.swift; path = ConversationView.swift; sourceTree = "<group>"; };
		0BDAEAD829CFB6AD00A33F3C /* MenuView.swift */ = {isa = PBXFileReference; lastKnownFileType = sourcecode.swift; path = MenuView.swift; sourceTree = "<group>"; };
		0BDAEADA29CFF20100A33F3C /* InputView.swift */ = {isa = PBXFileReference; lastKnownFileType = sourcecode.swift; path = InputView.swift; sourceTree = "<group>"; };
		0BDAEADE29D3390900A33F3C /* chatgptViewMoudle.swift */ = {isa = PBXFileReference; lastKnownFileType = sourcecode.swift; path = chatgptViewMoudle.swift; sourceTree = "<group>"; };
		0BDAEAE029D33A7A00A33F3C /* openAIapiStruct.swift */ = {isa = PBXFileReference; lastKnownFileType = sourcecode.swift; path = openAIapiStruct.swift; sourceTree = "<group>"; };
		DB084C9229C0E4A100BAFD8B /* OpenAIapi.swift */ = {isa = PBXFileReference; lastKnownFileType = sourcecode.swift; path = OpenAIapi.swift; sourceTree = "<group>"; };
		DB084C9729C0F7B700BAFD8B /* openAIApiTest.swift */ = {isa = PBXFileReference; lastKnownFileType = sourcecode.swift; path = openAIApiTest.swift; sourceTree = "<group>"; };
/* End PBXFileReference section */

/* Begin PBXFrameworksBuildPhase section */
		0BDAEA7F29B815E600A33F3C /* Frameworks */ = {
			isa = PBXFrameworksBuildPhase;
			buildActionMask = 2147483647;
			files = (
			);
			runOnlyForDeploymentPostprocessing = 0;
		};
		0BDAEA8F29B815E900A33F3C /* Frameworks */ = {
			isa = PBXFrameworksBuildPhase;
			buildActionMask = 2147483647;
			files = (
			);
			runOnlyForDeploymentPostprocessing = 0;
		};
		0BDAEA9929B815E900A33F3C /* Frameworks */ = {
			isa = PBXFrameworksBuildPhase;
			buildActionMask = 2147483647;
			files = (
			);
			runOnlyForDeploymentPostprocessing = 0;
		};
/* End PBXFrameworksBuildPhase section */

/* Begin PBXGroup section */
		0BDAEA7929B815E600A33F3C = {
			isa = PBXGroup;
			children = (
				DB084C9029C0E43100BAFD8B /* Share */,
				0BDAEA8429B815E600A33F3C /* chatgptApp */,
				0BDAEA8329B815E600A33F3C /* Products */,
				DB084C9629C0F76300BAFD8B /* Test */,
			);
			sourceTree = "<group>";
		};
		0BDAEA8329B815E600A33F3C /* Products */ = {
			isa = PBXGroup;
			children = (
				0BDAEA8229B815E600A33F3C /* chatgptApp.app */,
				0BDAEA9229B815E900A33F3C /* chatgptAppTests.xctest */,
				0BDAEA9C29B815E900A33F3C /* chatgptAppUITests.xctest */,
			);
			name = Products;
			sourceTree = "<group>";
		};
		0BDAEA8429B815E600A33F3C /* chatgptApp */ = {
			isa = PBXGroup;
			children = (
				0BDAEADD29D338A400A33F3C /* view */,
				0BDAEADC29D3387F00A33F3C /* viewMoudle */,
				0BDAEA8929B815E800A33F3C /* Assets.xcassets */,
				0BDAEA8B29B815E800A33F3C /* Preview Content */,
			);
			path = chatgptApp;
			sourceTree = "<group>";
		};
		0BDAEA8B29B815E800A33F3C /* Preview Content */ = {
			isa = PBXGroup;
			children = (
				0BDAEA8C29B815E800A33F3C /* Preview Assets.xcassets */,
			);
			path = "Preview Content";
			sourceTree = "<group>";
		};
		0BDAEA9529B815E900A33F3C /* chatgptAppTests */ = {
			isa = PBXGroup;
			children = (
				0BDAEA9629B815E900A33F3C /* chatgptAppTests.swift */,
			);
			path = chatgptAppTests;
			sourceTree = "<group>";
		};
		0BDAEA9F29B815E900A33F3C /* chatgptAppUITests */ = {
			isa = PBXGroup;
			children = (
				0BDAEAA029B815E900A33F3C /* chatgptAppUITests.swift */,
				0BDAEAA229B815E900A33F3C /* chatgptAppUITestsLaunchTests.swift */,
			);
			path = chatgptAppUITests;
			sourceTree = "<group>";
		};
		0BDAEADC29D3387F00A33F3C /* viewMoudle */ = {
			isa = PBXGroup;
			children = (
				0BDAEADE29D3390900A33F3C /* chatgptViewMoudle.swift */,
			);
			path = viewMoudle;
			sourceTree = "<group>";
		};
		0BDAEADD29D338A400A33F3C /* view */ = {
			isa = PBXGroup;
			children = (
				0BDAEA8529B815E600A33F3C /* chatgptAppApp.swift */,
				0BDAEA8729B815E600A33F3C /* ContentView.swift */,
				0BDAEAD629CF9EF900A33F3C /* ConversationView.swift */,
				0BDAEADA29CFF20100A33F3C /* InputView.swift */,
				0BDAEAD829CFB6AD00A33F3C /* MenuView.swift */,
				0B71A00829E0ADDB004C76E5 /* MenuItemView.swift */,
				0BDAEAD429CF867400A33F3C /* MessageView.swift */,
				0BDAEAD029CF809000A33F3C /* TitleView.swift */,
				0B71A00429E074F9004C76E5 /* LoadingBtnView.swift */,
				0B71A00629E09220004C76E5 /* UserAPITokenView.swift */,
			);
			path = view;
			sourceTree = "<group>";
		};
		DB084C9029C0E43100BAFD8B /* Share */ = {
			isa = PBXGroup;
			children = (
				DB084C9129C0E43D00BAFD8B /* OpenAIapi */,
			);
			path = Share;
			sourceTree = "<group>";
		};
		DB084C9129C0E43D00BAFD8B /* OpenAIapi */ = {
			isa = PBXGroup;
			children = (
				DB084C9229C0E4A100BAFD8B /* OpenAIapi.swift */,
				0BDAEAE029D33A7A00A33F3C /* openAIapiStruct.swift */,
			);
			path = OpenAIapi;
			sourceTree = "<group>";
		};
		DB084C9529C0F74600BAFD8B /* OpenAIAPITest */ = {
			isa = PBXGroup;
			children = (
				DB084C9729C0F7B700BAFD8B /* openAIApiTest.swift */,
			);
			path = OpenAIAPITest;
			sourceTree = "<group>";
		};
		DB084C9629C0F76300BAFD8B /* Test */ = {
			isa = PBXGroup;
			children = (
				DB084C9529C0F74600BAFD8B /* OpenAIAPITest */,
				0BDAEA9529B815E900A33F3C /* chatgptAppTests */,
				0BDAEA9F29B815E900A33F3C /* chatgptAppUITests */,
			);
			path = Test;
			sourceTree = "<group>";
		};
/* End PBXGroup section */

/* Begin PBXNativeTarget section */
		0BDAEA8129B815E600A33F3C /* chatgptApp */ = {
			isa = PBXNativeTarget;
			buildConfigurationList = 0BDAEAA629B815E900A33F3C /* Build configuration list for PBXNativeTarget "chatgptApp" */;
			buildPhases = (
				0BDAEA7E29B815E600A33F3C /* Sources */,
				0BDAEA7F29B815E600A33F3C /* Frameworks */,
				0BDAEA8029B815E600A33F3C /* Resources */,
			);
			buildRules = (
			);
			dependencies = (
			);
			name = chatgptApp;
			packageProductDependencies = (
			);
			productName = chatgptApp;
			productReference = 0BDAEA8229B815E600A33F3C /* chatgptApp.app */;
			productType = "com.apple.product-type.application";
		};
		0BDAEA9129B815E900A33F3C /* chatgptAppTests */ = {
			isa = PBXNativeTarget;
			buildConfigurationList = 0BDAEAA929B815E900A33F3C /* Build configuration list for PBXNativeTarget "chatgptAppTests" */;
			buildPhases = (
				0BDAEA8E29B815E900A33F3C /* Sources */,
				0BDAEA8F29B815E900A33F3C /* Frameworks */,
				0BDAEA9029B815E900A33F3C /* Resources */,
			);
			buildRules = (
			);
			dependencies = (
				0BDAEA9429B815E900A33F3C /* PBXTargetDependency */,
			);
			name = chatgptAppTests;
			productName = chatgptAppTests;
			productReference = 0BDAEA9229B815E900A33F3C /* chatgptAppTests.xctest */;
			productType = "com.apple.product-type.bundle.unit-test";
		};
		0BDAEA9B29B815E900A33F3C /* chatgptAppUITests */ = {
			isa = PBXNativeTarget;
			buildConfigurationList = 0BDAEAAC29B815E900A33F3C /* Build configuration list for PBXNativeTarget "chatgptAppUITests" */;
			buildPhases = (
				0BDAEA9829B815E900A33F3C /* Sources */,
				0BDAEA9929B815E900A33F3C /* Frameworks */,
				0BDAEA9A29B815E900A33F3C /* Resources */,
			);
			buildRules = (
			);
			dependencies = (
				0BDAEA9E29B815E900A33F3C /* PBXTargetDependency */,
			);
			name = chatgptAppUITests;
			productName = chatgptAppUITests;
			productReference = 0BDAEA9C29B815E900A33F3C /* chatgptAppUITests.xctest */;
			productType = "com.apple.product-type.bundle.ui-testing";
		};
/* End PBXNativeTarget section */

/* Begin PBXProject section */
		0BDAEA7A29B815E600A33F3C /* Project object */ = {
			isa = PBXProject;
			attributes = {
				BuildIndependentTargetsInParallel = 1;
				LastSwiftUpdateCheck = 1420;
				LastUpgradeCheck = 1420;
				TargetAttributes = {
					0BDAEA8129B815E600A33F3C = {
						CreatedOnToolsVersion = 14.2;
					};
					0BDAEA9129B815E900A33F3C = {
						CreatedOnToolsVersion = 14.2;
						TestTargetID = 0BDAEA8129B815E600A33F3C;
					};
					0BDAEA9B29B815E900A33F3C = {
						CreatedOnToolsVersion = 14.2;
						TestTargetID = 0BDAEA8129B815E600A33F3C;
					};
				};
			};
			buildConfigurationList = 0BDAEA7D29B815E600A33F3C /* Build configuration list for PBXProject "chatgptApp" */;
			compatibilityVersion = "Xcode 14.0";
			developmentRegion = en;
			hasScannedForEncodings = 0;
			knownRegions = (
				en,
				Base,
			);
			mainGroup = 0BDAEA7929B815E600A33F3C;
			packageReferences = (
			);
			productRefGroup = 0BDAEA8329B815E600A33F3C /* Products */;
			projectDirPath = "";
			projectRoot = "";
			targets = (
				0BDAEA8129B815E600A33F3C /* chatgptApp */,
				0BDAEA9129B815E900A33F3C /* chatgptAppTests */,
				0BDAEA9B29B815E900A33F3C /* chatgptAppUITests */,
			);
		};
/* End PBXProject section */

/* Begin PBXResourcesBuildPhase section */
		0BDAEA8029B815E600A33F3C /* Resources */ = {
			isa = PBXResourcesBuildPhase;
			buildActionMask = 2147483647;
			files = (
				0BDAEA8D29B815E800A33F3C /* Preview Assets.xcassets in Resources */,
				0BDAEA8A29B815E800A33F3C /* Assets.xcassets in Resources */,
			);
			runOnlyForDeploymentPostprocessing = 0;
		};
		0BDAEA9029B815E900A33F3C /* Resources */ = {
			isa = PBXResourcesBuildPhase;
			buildActionMask = 2147483647;
			files = (
			);
			runOnlyForDeploymentPostprocessing = 0;
		};
		0BDAEA9A29B815E900A33F3C /* Resources */ = {
			isa = PBXResourcesBuildPhase;
			buildActionMask = 2147483647;
			files = (
			);
			runOnlyForDeploymentPostprocessing = 0;
		};
/* End PBXResourcesBuildPhase section */

/* Begin PBXSourcesBuildPhase section */
		0BDAEA7E29B815E600A33F3C /* Sources */ = {
			isa = PBXSourcesBuildPhase;
			buildActionMask = 2147483647;
			files = (
				0BDAEAD729CF9EF900A33F3C /* ConversationView.swift in Sources */,
				0BDAEAD929CFB6AD00A33F3C /* MenuView.swift in Sources */,
				0B71A00929E0ADDB004C76E5 /* MenuItemView.swift in Sources */,
				0BDAEAD529CF867400A33F3C /* MessageView.swift in Sources */,
				DB084C9329C0E4A100BAFD8B /* OpenAIapi.swift in Sources */,
				0BDAEA8829B815E600A33F3C /* ContentView.swift in Sources */,
				0BDAEAE129D33A7A00A33F3C /* openAIapiStruct.swift in Sources */,
				0BDAEADB29CFF20100A33F3C /* InputView.swift in Sources */,
				0B71A00529E074F9004C76E5 /* LoadingBtnView.swift in Sources */,
				0BDAEADF29D3390900A33F3C /* chatgptViewMoudle.swift in Sources */,
				0BDAEA8629B815E600A33F3C /* chatgptAppApp.swift in Sources */,
				0B71A00729E09220004C76E5 /* UserAPITokenView.swift in Sources */,
				0BDAEAD129CF809000A33F3C /* TitleView.swift in Sources */,
			);
			runOnlyForDeploymentPostprocessing = 0;
		};
		0BDAEA8E29B815E900A33F3C /* Sources */ = {
			isa = PBXSourcesBuildPhase;
			buildActionMask = 2147483647;
			files = (
				DB084C9829C0F7B700BAFD8B /* openAIApiTest.swift in Sources */,
				DB084C9429C0E4A100BAFD8B /* OpenAIapi.swift in Sources */,
				0BDAEA9729B815E900A33F3C /* chatgptAppTests.swift in Sources */,
			);
			runOnlyForDeploymentPostprocessing = 0;
		};
		0BDAEA9829B815E900A33F3C /* Sources */ = {
			isa = PBXSourcesBuildPhase;
			buildActionMask = 2147483647;
			files = (
				0BDAEAA329B815E900A33F3C /* chatgptAppUITestsLaunchTests.swift in Sources */,
				0BDAEAA129B815E900A33F3C /* chatgptAppUITests.swift in Sources */,
			);
			runOnlyForDeploymentPostprocessing = 0;
		};
/* End PBXSourcesBuildPhase section */

/* Begin PBXTargetDependency section */
		0BDAEA9429B815E900A33F3C /* PBXTargetDependency */ = {
			isa = PBXTargetDependency;
			target = 0BDAEA8129B815E600A33F3C /* chatgptApp */;
			targetProxy = 0BDAEA9329B815E900A33F3C /* PBXContainerItemProxy */;
		};
		0BDAEA9E29B815E900A33F3C /* PBXTargetDependency */ = {
			isa = PBXTargetDependency;
			target = 0BDAEA8129B815E600A33F3C /* chatgptApp */;
			targetProxy = 0BDAEA9D29B815E900A33F3C /* PBXContainerItemProxy */;
		};
/* End PBXTargetDependency section */

/* Begin XCBuildConfiguration section */
		0BDAEAA429B815E900A33F3C /* Debug */ = {
			isa = XCBuildConfiguration;
			buildSettings = {
				ALWAYS_SEARCH_USER_PATHS = NO;
				CLANG_ANALYZER_NONNULL = YES;
				CLANG_ANALYZER_NUMBER_OBJECT_CONVERSION = YES_AGGRESSIVE;
				CLANG_CXX_LANGUAGE_STANDARD = "gnu++20";
				CLANG_ENABLE_MODULES = YES;
				CLANG_ENABLE_OBJC_ARC = YES;
				CLANG_ENABLE_OBJC_WEAK = YES;
				CLANG_WARN_BLOCK_CAPTURE_AUTORELEASING = YES;
				CLANG_WARN_BOOL_CONVERSION = YES;
				CLANG_WARN_COMMA = YES;
				CLANG_WARN_CONSTANT_CONVERSION = YES;
				CLANG_WARN_DEPRECATED_OBJC_IMPLEMENTATIONS = YES;
				CLANG_WARN_DIRECT_OBJC_ISA_USAGE = YES_ERROR;
				CLANG_WARN_DOCUMENTATION_COMMENTS = YES;
				CLANG_WARN_EMPTY_BODY = YES;
				CLANG_WARN_ENUM_CONVERSION = YES;
				CLANG_WARN_INFINITE_RECURSION = YES;
				CLANG_WARN_INT_CONVERSION = YES;
				CLANG_WARN_NON_LITERAL_NULL_CONVERSION = YES;
				CLANG_WARN_OBJC_IMPLICIT_RETAIN_SELF = YES;
				CLANG_WARN_OBJC_LITERAL_CONVERSION = YES;
				CLANG_WARN_OBJC_ROOT_CLASS = YES_ERROR;
				CLANG_WARN_QUOTED_INCLUDE_IN_FRAMEWORK_HEADER = YES;
				CLANG_WARN_RANGE_LOOP_ANALYSIS = YES;
				CLANG_WARN_STRICT_PROTOTYPES = YES;
				CLANG_WARN_SUSPICIOUS_MOVE = YES;
				CLANG_WARN_UNGUARDED_AVAILABILITY = YES_AGGRESSIVE;
				CLANG_WARN_UNREACHABLE_CODE = YES;
				CLANG_WARN__DUPLICATE_METHOD_MATCH = YES;
				COPY_PHASE_STRIP = NO;
				DEBUG_INFORMATION_FORMAT = dwarf;
				ENABLE_STRICT_OBJC_MSGSEND = YES;
				ENABLE_TESTABILITY = YES;
				GCC_C_LANGUAGE_STANDARD = gnu11;
				GCC_DYNAMIC_NO_PIC = NO;
				GCC_NO_COMMON_BLOCKS = YES;
				GCC_OPTIMIZATION_LEVEL = 0;
				GCC_PREPROCESSOR_DEFINITIONS = (
					"DEBUG=1",
					"$(inherited)",
				);
				GCC_WARN_64_TO_32_BIT_CONVERSION = YES;
				GCC_WARN_ABOUT_RETURN_TYPE = YES_ERROR;
				GCC_WARN_UNDECLARED_SELECTOR = YES;
				GCC_WARN_UNINITIALIZED_AUTOS = YES_AGGRESSIVE;
				GCC_WARN_UNUSED_FUNCTION = YES;
				GCC_WARN_UNUSED_VARIABLE = YES;
				IPHONEOS_DEPLOYMENT_TARGET = 16.2;
				MTL_ENABLE_DEBUG_INFO = INCLUDE_SOURCE;
				MTL_FAST_MATH = YES;
				ONLY_ACTIVE_ARCH = YES;
				SDKROOT = iphoneos;
				SWIFT_ACTIVE_COMPILATION_CONDITIONS = DEBUG;
				SWIFT_OPTIMIZATION_LEVEL = "-Onone";
			};
			name = Debug;
		};
		0BDAEAA529B815E900A33F3C /* Release */ = {
			isa = XCBuildConfiguration;
			buildSettings = {
				ALWAYS_SEARCH_USER_PATHS = NO;
				CLANG_ANALYZER_NONNULL = YES;
				CLANG_ANALYZER_NUMBER_OBJECT_CONVERSION = YES_AGGRESSIVE;
				CLANG_CXX_LANGUAGE_STANDARD = "gnu++20";
				CLANG_ENABLE_MODULES = YES;
				CLANG_ENABLE_OBJC_ARC = YES;
				CLANG_ENABLE_OBJC_WEAK = YES;
				CLANG_WARN_BLOCK_CAPTURE_AUTORELEASING = YES;
				CLANG_WARN_BOOL_CONVERSION = YES;
				CLANG_WARN_COMMA = YES;
				CLANG_WARN_CONSTANT_CONVERSION = YES;
				CLANG_WARN_DEPRECATED_OBJC_IMPLEMENTATIONS = YES;
				CLANG_WARN_DIRECT_OBJC_ISA_USAGE = YES_ERROR;
				CLANG_WARN_DOCUMENTATION_COMMENTS = YES;
				CLANG_WARN_EMPTY_BODY = YES;
				CLANG_WARN_ENUM_CONVERSION = YES;
				CLANG_WARN_INFINITE_RECURSION = YES;
				CLANG_WARN_INT_CONVERSION = YES;
				CLANG_WARN_NON_LITERAL_NULL_CONVERSION = YES;
				CLANG_WARN_OBJC_IMPLICIT_RETAIN_SELF = YES;
				CLANG_WARN_OBJC_LITERAL_CONVERSION = YES;
				CLANG_WARN_OBJC_ROOT_CLASS = YES_ERROR;
				CLANG_WARN_QUOTED_INCLUDE_IN_FRAMEWORK_HEADER = YES;
				CLANG_WARN_RANGE_LOOP_ANALYSIS = YES;
				CLANG_WARN_STRICT_PROTOTYPES = YES;
				CLANG_WARN_SUSPICIOUS_MOVE = YES;
				CLANG_WARN_UNGUARDED_AVAILABILITY = YES_AGGRESSIVE;
				CLANG_WARN_UNREACHABLE_CODE = YES;
				CLANG_WARN__DUPLICATE_METHOD_MATCH = YES;
				COPY_PHASE_STRIP = NO;
				DEBUG_INFORMATION_FORMAT = "dwarf-with-dsym";
				ENABLE_NS_ASSERTIONS = NO;
				ENABLE_STRICT_OBJC_MSGSEND = YES;
				GCC_C_LANGUAGE_STANDARD = gnu11;
				GCC_NO_COMMON_BLOCKS = YES;
				GCC_WARN_64_TO_32_BIT_CONVERSION = YES;
				GCC_WARN_ABOUT_RETURN_TYPE = YES_ERROR;
				GCC_WARN_UNDECLARED_SELECTOR = YES;
				GCC_WARN_UNINITIALIZED_AUTOS = YES_AGGRESSIVE;
				GCC_WARN_UNUSED_FUNCTION = YES;
				GCC_WARN_UNUSED_VARIABLE = YES;
				IPHONEOS_DEPLOYMENT_TARGET = 16.2;
				MTL_ENABLE_DEBUG_INFO = NO;
				MTL_FAST_MATH = YES;
				SDKROOT = iphoneos;
				SWIFT_COMPILATION_MODE = wholemodule;
				SWIFT_OPTIMIZATION_LEVEL = "-O";
				VALIDATE_PRODUCT = YES;
			};
			name = Release;
		};
		0BDAEAA729B815E900A33F3C /* Debug */ = {
			isa = XCBuildConfiguration;
			buildSettings = {
				ASSETCATALOG_COMPILER_APPICON_NAME = AppIcon;
				ASSETCATALOG_COMPILER_GLOBAL_ACCENT_COLOR_NAME = AccentColor;
				CODE_SIGN_STYLE = Automatic;
				CURRENT_PROJECT_VERSION = 1;
				DEVELOPMENT_ASSET_PATHS = "\"chatgptApp/Preview Content\"";
				DEVELOPMENT_TEAM = ZQF5584Z8C;
				ENABLE_PREVIEWS = YES;
				GENERATE_INFOPLIST_FILE = YES;
				INFOPLIST_KEY_UIApplicationSceneManifest_Generation = YES;
				INFOPLIST_KEY_UIApplicationSupportsIndirectInputEvents = YES;
				INFOPLIST_KEY_UILaunchScreen_Generation = YES;
				INFOPLIST_KEY_UISupportedInterfaceOrientations_iPad = "UIInterfaceOrientationPortrait UIInterfaceOrientationPortraitUpsideDown UIInterfaceOrientationLandscapeLeft UIInterfaceOrientationLandscapeRight";
				INFOPLIST_KEY_UISupportedInterfaceOrientations_iPhone = "UIInterfaceOrientationPortrait UIInterfaceOrientationLandscapeLeft UIInterfaceOrientationLandscapeRight";
				LD_RUNPATH_SEARCH_PATHS = (
					"$(inherited)",
					"@executable_path/Frameworks",
				);
				MARKETING_VERSION = 1.0;
				PRODUCT_BUNDLE_IDENTIFIER = com.luffy.chatgptApp;
				PRODUCT_NAME = "$(TARGET_NAME)";
				SWIFT_EMIT_LOC_STRINGS = YES;
				SWIFT_VERSION = 5.0;
				TARGETED_DEVICE_FAMILY = "1,2";
			};
			name = Debug;
		};
		0BDAEAA829B815E900A33F3C /* Release */ = {
			isa = XCBuildConfiguration;
			buildSettings = {
				ASSETCATALOG_COMPILER_APPICON_NAME = AppIcon;
				ASSETCATALOG_COMPILER_GLOBAL_ACCENT_COLOR_NAME = AccentColor;
				CODE_SIGN_STYLE = Automatic;
				CURRENT_PROJECT_VERSION = 1;
				DEVELOPMENT_ASSET_PATHS = "\"chatgptApp/Preview Content\"";
				DEVELOPMENT_TEAM = ZQF5584Z8C;
				ENABLE_PREVIEWS = YES;
				GENERATE_INFOPLIST_FILE = YES;
				INFOPLIST_KEY_UIApplicationSceneManifest_Generation = YES;
				INFOPLIST_KEY_UIApplicationSupportsIndirectInputEvents = YES;
				INFOPLIST_KEY_UILaunchScreen_Generation = YES;
				INFOPLIST_KEY_UISupportedInterfaceOrientations_iPad = "UIInterfaceOrientationPortrait UIInterfaceOrientationPortraitUpsideDown UIInterfaceOrientationLandscapeLeft UIInterfaceOrientationLandscapeRight";
				INFOPLIST_KEY_UISupportedInterfaceOrientations_iPhone = "UIInterfaceOrientationPortrait UIInterfaceOrientationLandscapeLeft UIInterfaceOrientationLandscapeRight";
				LD_RUNPATH_SEARCH_PATHS = (
					"$(inherited)",
					"@executable_path/Frameworks",
				);
				MARKETING_VERSION = 1.0;
				PRODUCT_BUNDLE_IDENTIFIER = com.luffy.chatgptApp;
				PRODUCT_NAME = "$(TARGET_NAME)";
				SWIFT_EMIT_LOC_STRINGS = YES;
				SWIFT_VERSION = 5.0;
				TARGETED_DEVICE_FAMILY = "1,2";
			};
			name = Release;
		};
		0BDAEAAA29B815E900A33F3C /* Debug */ = {
			isa = XCBuildConfiguration;
			buildSettings = {
				ALWAYS_EMBED_SWIFT_STANDARD_LIBRARIES = YES;
				BUNDLE_LOADER = "$(TEST_HOST)";
				CODE_SIGN_STYLE = Automatic;
				CURRENT_PROJECT_VERSION = 1;
				DEVELOPMENT_TEAM = ZQF5584Z8C;
				GENERATE_INFOPLIST_FILE = YES;
				IPHONEOS_DEPLOYMENT_TARGET = 16.2;
				MARKETING_VERSION = 1.0;
				PRODUCT_BUNDLE_IDENTIFIER = com.luffy.chatgptAppTests;
				PRODUCT_NAME = "$(TARGET_NAME)";
				SWIFT_EMIT_LOC_STRINGS = NO;
				SWIFT_VERSION = 5.0;
				TARGETED_DEVICE_FAMILY = "1,2";
				TEST_HOST = "$(BUILT_PRODUCTS_DIR)/chatgptApp.app/$(BUNDLE_EXECUTABLE_FOLDER_PATH)/chatgptApp";
			};
			name = Debug;
		};
		0BDAEAAB29B815E900A33F3C /* Release */ = {
			isa = XCBuildConfiguration;
			buildSettings = {
				ALWAYS_EMBED_SWIFT_STANDARD_LIBRARIES = YES;
				BUNDLE_LOADER = "$(TEST_HOST)";
				CODE_SIGN_STYLE = Automatic;
				CURRENT_PROJECT_VERSION = 1;
				DEVELOPMENT_TEAM = ZQF5584Z8C;
				GENERATE_INFOPLIST_FILE = YES;
				IPHONEOS_DEPLOYMENT_TARGET = 16.2;
				MARKETING_VERSION = 1.0;
				PRODUCT_BUNDLE_IDENTIFIER = com.luffy.chatgptAppTests;
				PRODUCT_NAME = "$(TARGET_NAME)";
				SWIFT_EMIT_LOC_STRINGS = NO;
				SWIFT_VERSION = 5.0;
				TARGETED_DEVICE_FAMILY = "1,2";
				TEST_HOST = "$(BUILT_PRODUCTS_DIR)/chatgptApp.app/$(BUNDLE_EXECUTABLE_FOLDER_PATH)/chatgptApp";
			};
			name = Release;
		};
		0BDAEAAD29B815E900A33F3C /* Debug */ = {
			isa = XCBuildConfiguration;
			buildSettings = {
				ALWAYS_EMBED_SWIFT_STANDARD_LIBRARIES = YES;
				CODE_SIGN_STYLE = Automatic;
				CURRENT_PROJECT_VERSION = 1;
				DEVELOPMENT_TEAM = ZQF5584Z8C;
				GENERATE_INFOPLIST_FILE = YES;
				MARKETING_VERSION = 1.0;
				PRODUCT_BUNDLE_IDENTIFIER = com.luffy.chatgptAppUITests;
				PRODUCT_NAME = "$(TARGET_NAME)";
				SWIFT_EMIT_LOC_STRINGS = NO;
				SWIFT_VERSION = 5.0;
				TARGETED_DEVICE_FAMILY = "1,2";
				TEST_TARGET_NAME = chatgptApp;
			};
			name = Debug;
		};
		0BDAEAAE29B815E900A33F3C /* Release */ = {
			isa = XCBuildConfiguration;
			buildSettings = {
				ALWAYS_EMBED_SWIFT_STANDARD_LIBRARIES = YES;
				CODE_SIGN_STYLE = Automatic;
				CURRENT_PROJECT_VERSION = 1;
				DEVELOPMENT_TEAM = ZQF5584Z8C;
				GENERATE_INFOPLIST_FILE = YES;
				MARKETING_VERSION = 1.0;
				PRODUCT_BUNDLE_IDENTIFIER = com.luffy.chatgptAppUITests;
				PRODUCT_NAME = "$(TARGET_NAME)";
				SWIFT_EMIT_LOC_STRINGS = NO;
				SWIFT_VERSION = 5.0;
				TARGETED_DEVICE_FAMILY = "1,2";
				TEST_TARGET_NAME = chatgptApp;
			};
			name = Release;
		};
/* End XCBuildConfiguration section */

/* Begin XCConfigurationList section */
		0BDAEA7D29B815E600A33F3C /* Build configuration list for PBXProject "chatgptApp" */ = {
			isa = XCConfigurationList;
			buildConfigurations = (
				0BDAEAA429B815E900A33F3C /* Debug */,
				0BDAEAA529B815E900A33F3C /* Release */,
			);
			defaultConfigurationIsVisible = 0;
			defaultConfigurationName = Release;
		};
		0BDAEAA629B815E900A33F3C /* Build configuration list for PBXNativeTarget "chatgptApp" */ = {
			isa = XCConfigurationList;
			buildConfigurations = (
				0BDAEAA729B815E900A33F3C /* Debug */,
				0BDAEAA829B815E900A33F3C /* Release */,
			);
			defaultConfigurationIsVisible = 0;
			defaultConfigurationName = Release;
		};
		0BDAEAA929B815E900A33F3C /* Build configuration list for PBXNativeTarget "chatgptAppTests" */ = {
			isa = XCConfigurationList;
			buildConfigurations = (
				0BDAEAAA29B815E900A33F3C /* Debug */,
				0BDAEAAB29B815E900A33F3C /* Release */,
			);
			defaultConfigurationIsVisible = 0;
			defaultConfigurationName = Release;
		};
		0BDAEAAC29B815E900A33F3C /* Build configuration list for PBXNativeTarget "chatgptAppUITests" */ = {
			isa = XCConfigurationList;
			buildConfigurations = (
				0BDAEAAD29B815E900A33F3C /* Debug */,
				0BDAEAAE29B815E900A33F3C /* Release */,
			);
			defaultConfigurationIsVisible = 0;
			defaultConfigurationName = Release;
		};
/* End XCConfigurationList section */
	};
	rootObject = 0BDAEA7A29B815E600A33F3C /* Project object */;
}
